
Microsoft Visual Studio Solution File, Format Version 12.00
# Visual Studio 15
VisualStudioVersion = 15.0.27906.1
MinimumVisualStudioVersion = 10.0.40219.1
Project("{8BC9CEB8-8B4A-11D0-8D11-00A0C91BC942}") = "Reader", "Reader\Reader.vcxproj", "{9D707BBC-A1C5-4E9F-A462-57D684903CD1}"
EndProject
Project("{8BC9CEB8-8B4A-11D0-8D11-00A0C91BC942}") = "Writer", "Writer\Writer.vcxproj", "{0D68830B-0E8D-456B-8167-7455A302AE19}"
EndProject
Global
	GlobalSection(SolutionConfigurationPlatforms) = preSolution
		Debug|x64 = Debug|x64
		Debug|x86 = Debug|x86
		Release|x64 = Release|x64
		Release|x86 = Release|x86
	EndGlobalSection
	GlobalSection(ProjectConfigurationPlatforms) = postSolution
		{9D707BBC-A1C5-4E9F-A462-57D684903CD1}.Debug|x64.ActiveCfg = Debug|x64
		{9D707BBC-A1C5-4E9F-A462-57D684903CD1}.Debug|x64.Build.0 = Debug|x64
		{9D707BBC-A1C5-4E9F-A462-57D684903CD1}.Debug|x86.ActiveCfg = Debug|Win32
		{9D707BBC-A1C5-4E9F-A462-57D684903CD1}.Debug|x86.Build.0 = Debug|Win32
		{9D707BBC-A1C5-4E9F-A462-57D684903CD1}.Release|x64.ActiveCfg = Release|x64
		{9D707BBC-A1C5-4E9F-A462-57D684903CD1}.Release|x64.Build.0 = Release|x64
		{9D707BBC-A1C5-4E9F-A462-57D684903CD1}.Release|x86.ActiveCfg = Release|Win32
		{9D707BBC-A1C5-4E9F-A462-57D684903CD1}.Release|x86.Build.0 = Release|Win32
		{0D68830B-0E8D-456B-8167-7455A302AE19}.Debug|x64.ActiveCfg = Debug|x64
		{0D68830B-0E8D-456B-8167-7455A302AE19}.Debug|x64.Build.0 = Debug|x64
		{0D68830B-0E8D-456B-8167-7455A302AE19}.Debug|x86.ActiveCfg = Debug|Win32
		{0D68830B-0E8D-456B-8167-7455A302AE19}.Debug|x86.Build.0 = Debug|Win32
		{0D68830B-0E8D-456B-8167-7455A302AE19}.Release|x64.ActiveCfg = Release|x64
		{0D68830B-0E8D-456B-8167-7455A302AE19}.Release|x64.Build.0 = Release|x64
		{0D68830B-0E8D-456B-8167-7455A302AE19}.Release|x86.ActiveCfg = Release|Win32
		{0D68830B-0E8D-456B-8167-7455A302AE19}.Release|x86.Build.0 = Release|Win32
	EndGlobalSection
	GlobalSection(SolutionProperties) = preSolution
		HideSolutionNode = FALSE
	EndGlobalSection
	GlobalSection(ExtensibilityGlobals) = postSolution
		SolutionGuid = {046551F0-19EE-49B2-88E8-8E193481785F}
	EndGlobalSection
EndGlobal
